
Microsoft Visual Studio Solution File, Format Version 12.00
# Visual Studio Version 17
VisualStudioVersion = 17.9.34723.18
MinimumVisualStudioVersion = 10.0.40219.1
Project("{FAE04EC0-301F-11D3-BF4B-00C04F79EFBC}") = "PRNcompression", "PRNcompression\PRNcompression.csproj", "{FB80FBAC-DF4A-4A3D-A409-30D9737E6397}"
EndProject
Project("{2150E333-8FDC-42A3-9474-1A3956D46DE8}") = "SomeTesting", "SomeTesting", "{587E732A-CA20-4DBA-A57D-7AD9B1A01856}"
EndProject
Project("{FAE04EC0-301F-11D3-BF4B-00C04F79EFBC}") = "PRNconsole", "PRNconsole\PRNconsole.csproj", "{233B0D76-17AA-4AE2-8188-9275619F3448}"
EndProject
Project("{FAE04EC0-301F-11D3-BF4B-00C04F79EFBC}") = "PRNWpfTest", "PRNWpfTest\PRNWpfTest.csproj", "{E3474C77-C53C-4B52-B107-9E48135786F1}"
EndProject
Global
	GlobalSection(SolutionConfigurationPlatforms) = preSolution
		Debug|Any CPU = Debug|Any CPU
		Release|Any CPU = Release|Any CPU
	EndGlobalSection
	GlobalSection(ProjectConfigurationPlatforms) = postSolution
		{FB80FBAC-DF4A-4A3D-A409-30D9737E6397}.Debug|Any CPU.ActiveCfg = Debug|Any CPU
		{FB80FBAC-DF4A-4A3D-A409-30D9737E6397}.Debug|Any CPU.Build.0 = Debug|Any CPU
		{FB80FBAC-DF4A-4A3D-A409-30D9737E6397}.Release|Any CPU.ActiveCfg = Release|Any CPU
		{FB80FBAC-DF4A-4A3D-A409-30D9737E6397}.Release|Any CPU.Build.0 = Release|Any CPU
		{233B0D76-17AA-4AE2-8188-9275619F3448}.Debug|Any CPU.ActiveCfg = Debug|Any CPU
		{233B0D76-17AA-4AE2-8188-9275619F3448}.Debug|Any CPU.Build.0 = Debug|Any CPU
		{233B0D76-17AA-4AE2-8188-9275619F3448}.Release|Any CPU.ActiveCfg = Release|Any CPU
		{233B0D76-17AA-4AE2-8188-9275619F3448}.Release|Any CPU.Build.0 = Release|Any CPU
		{E3474C77-C53C-4B52-B107-9E48135786F1}.Debug|Any CPU.ActiveCfg = Debug|Any CPU
		{E3474C77-C53C-4B52-B107-9E48135786F1}.Debug|Any CPU.Build.0 = Debug|Any CPU
		{E3474C77-C53C-4B52-B107-9E48135786F1}.Release|Any CPU.ActiveCfg = Release|Any CPU
		{E3474C77-C53C-4B52-B107-9E48135786F1}.Release|Any CPU.Build.0 = Release|Any CPU
	EndGlobalSection
	GlobalSection(SolutionProperties) = preSolution
		HideSolutionNode = FALSE
	EndGlobalSection
	GlobalSection(NestedProjects) = preSolution
		{233B0D76-17AA-4AE2-8188-9275619F3448} = {587E732A-CA20-4DBA-A57D-7AD9B1A01856}
		{E3474C77-C53C-4B52-B107-9E48135786F1} = {587E732A-CA20-4DBA-A57D-7AD9B1A01856}
	EndGlobalSection
	GlobalSection(ExtensibilityGlobals) = postSolution
		SolutionGuid = {9717C954-7881-4E6D-BED7-29812A1769FC}
	EndGlobalSection
EndGlobal
